# THIS IS AN AUTOGENERATED FILE. DO NOT EDIT THIS FILE DIRECTLY.
# yarn lockfile v1


"bluebird@>= 3.0.1", bluebird@^3.3.4, bluebird@^3.5.0:
  version "3.5.0"
  resolved "https://registry.yarnpkg.com/bluebird/-/bluebird-3.5.0.tgz#791420d7f551eea2897453a8a77653f96606d67c"

bull@^3.0.0-rc.8:
  version "3.1.0"
  resolved "https://registry.yarnpkg.com/bull/-/bull-3.1.0.tgz#5cdf4ee8b9b72c17c5b257d745f62479c40ca016"
  dependencies:
    bluebird "^3.5.0"
    cron-parser "^2.4.1"
    debuglog "^1.0.0"
    ioredis "^3.1.4"
    lodash "^4.17.4"
    semver "^5.4.1"
    uuid "^3.1.0"

cluster-key-slot@^1.0.6:
  version "1.0.8"
  resolved "https://registry.yarnpkg.com/cluster-key-slot/-/cluster-key-slot-1.0.8.tgz#7654556085a65330932a2e8b5976f8e2d0b3e414"

cron-parser@^2.4.1:
  version "2.4.1"
  resolved "https://registry.yarnpkg.com/cron-parser/-/cron-parser-2.4.1.tgz#022befce1af293e4d3144ff04c2cbd2edb491271"
  dependencies:
    is-nan "^1.2.1"
    moment-timezone "^0.5.0"

debug@^2.2.0, debug@^2.6.8:
  version "2.6.8"
  resolved "https://registry.yarnpkg.com/debug/-/debug-2.6.8.tgz#e731531ca2ede27d188222427da17821d68ff4fc"
  dependencies:
    ms "2.0.0"

debuglog@^1.0.0:
  version "1.0.1"
  resolved "https://registry.yarnpkg.com/debuglog/-/debuglog-1.0.1.tgz#aa24ffb9ac3df9a2351837cfb2d279360cd78492"

define-properties@^1.1.1:
  version "1.1.2"
  resolved "https://registry.yarnpkg.com/define-properties/-/define-properties-1.1.2.tgz#83a73f2fea569898fb737193c8f873caf6d45c94"
  dependencies:
    foreach "^2.0.5"
    object-keys "^1.0.8"

denque@^1.1.0:
  version "1.2.2"
  resolved "https://registry.yarnpkg.com/denque/-/denque-1.2.2.tgz#e06cf7cf0da8badc88cbdaabf8fc0a70d659f1d4"

flexbuffer@0.0.6:
  version "0.0.6"
  resolved "https://registry.yarnpkg.com/flexbuffer/-/flexbuffer-0.0.6.tgz#039fdf23f8823e440c38f3277e6fef1174215b30"

foreach@^2.0.5:
  version "2.0.5"
  resolved "https://registry.yarnpkg.com/foreach/-/foreach-2.0.5.tgz#0bee005018aeb260d0a3af3ae658dd0136ec1b99"

ioredis@^3.1.4:
  version "3.1.4"
  resolved "https://registry.yarnpkg.com/ioredis/-/ioredis-3.1.4.tgz#8688293f5f2f1757e1c812ad17cce49f46d811bc"
  dependencies:
    bluebird "^3.3.4"
    cluster-key-slot "^1.0.6"
    debug "^2.2.0"
    denque "^1.1.0"
    flexbuffer "0.0.6"
    lodash.assign "^4.2.0"
    lodash.bind "^4.2.1"
    lodash.clone "^4.5.0"
    lodash.clonedeep "^4.5.0"
    lodash.defaults "^4.2.0"
    lodash.difference "^4.5.0"
    lodash.flatten "^4.4.0"
    lodash.foreach "^4.5.0"
    lodash.isempty "^4.4.0"
    lodash.keys "^4.2.0"
    lodash.noop "^3.0.1"
    lodash.partial "^4.2.1"
    lodash.pick "^4.4.0"
    lodash.sample "^4.2.1"
    lodash.shuffle "^4.2.0"
    lodash.values "^4.3.0"
    redis-commands "^1.2.0"
    redis-parser "^2.4.0"

is-nan@^1.2.1:
  version "1.2.1"
  resolved "https://registry.yarnpkg.com/is-nan/-/is-nan-1.2.1.tgz#9faf65b6fb6db24b7f5c0628475ea71f988401e2"
  dependencies:
    define-properties "^1.1.1"

json-stringify-pretty-compact@^1.0.4:
  version "1.0.4"
  resolved "https://registry.yarnpkg.com/json-stringify-pretty-compact/-/json-stringify-pretty-compact-1.0.4.tgz#d5161131be27fd9748391360597fcca250c6c5ce"

lodash.assign@^4.2.0:
  version "4.2.0"
  resolved "https://registry.yarnpkg.com/lodash.assign/-/lodash.assign-4.2.0.tgz#0d99f3ccd7a6d261d19bdaeb9245005d285808e7"

lodash.bind@^4.2.1:
  version "4.2.1"
  resolved "https://registry.yarnpkg.com/lodash.bind/-/lodash.bind-4.2.1.tgz#7ae3017e939622ac31b7d7d7dcb1b34db1690d35"

lodash.clone@^4.5.0:
  version "4.5.0"
  resolved "https://registry.yarnpkg.com/lodash.clone/-/lodash.clone-4.5.0.tgz#195870450f5a13192478df4bc3d23d2dea1907b6"

lodash.clonedeep@^4.5.0:
  version "4.5.0"
  resolved "https://registry.yarnpkg.com/lodash.clonedeep/-/lodash.clonedeep-4.5.0.tgz#e23f3f9c4f8fbdde872529c1071857a086e5ccef"

lodash.defaults@^4.2.0:
  version "4.2.0"
  resolved "https://registry.yarnpkg.com/lodash.defaults/-/lodash.defaults-4.2.0.tgz#d09178716ffea4dde9e5fb7b37f6f0802274580c"

lodash.difference@^4.5.0:
  version "4.5.0"
  resolved "https://registry.yarnpkg.com/lodash.difference/-/lodash.difference-4.5.0.tgz#9ccb4e505d486b91651345772885a2df27fd017c"

lodash.flatten@^4.4.0:
  version "4.4.0"
  resolved "https://registry.yarnpkg.com/lodash.flatten/-/lodash.flatten-4.4.0.tgz#f31c22225a9632d2bbf8e4addbef240aa765a61f"

lodash.foreach@^4.5.0:
  version "4.5.0"
  resolved "https://registry.yarnpkg.com/lodash.foreach/-/lodash.foreach-4.5.0.tgz#1a6a35eace401280c7f06dddec35165ab27e3e53"

lodash.isempty@^4.4.0:
  version "4.4.0"
  resolved "https://registry.yarnpkg.com/lodash.isempty/-/lodash.isempty-4.4.0.tgz#6f86cbedd8be4ec987be9aaf33c9684db1b31e7e"

lodash.keys@^4.2.0:
  version "4.2.0"
  resolved "https://registry.yarnpkg.com/lodash.keys/-/lodash.keys-4.2.0.tgz#a08602ac12e4fb83f91fc1fb7a360a4d9ba35205"

lodash.noop@^3.0.1:
  version "3.0.1"
  resolved "https://registry.yarnpkg.com/lodash.noop/-/lodash.noop-3.0.1.tgz#38188f4d650a3a474258439b96ec45b32617133c"

lodash.partial@^4.2.1:
  version "4.2.1"
  resolved "https://registry.yarnpkg.com/lodash.partial/-/lodash.partial-4.2.1.tgz#49f3d8cfdaa3bff8b3a91d127e923245418961d4"

lodash.pick@^4.4.0:
  version "4.4.0"
  resolved "https://registry.yarnpkg.com/lodash.pick/-/lodash.pick-4.4.0.tgz#52f05610fff9ded422611441ed1fc123a03001b3"

lodash.sample@^4.2.1:
  version "4.2.1"
  resolved "https://registry.yarnpkg.com/lodash.sample/-/lodash.sample-4.2.1.tgz#5e4291b0c753fa1abeb0aab8fb29df1b66f07f6d"

lodash.shuffle@^4.2.0:
  version "4.2.0"
  resolved "https://registry.yarnpkg.com/lodash.shuffle/-/lodash.shuffle-4.2.0.tgz#145b5053cf875f6f5c2a33f48b6e9948c6ec7b4b"

lodash.values@^4.3.0:
  version "4.3.0"
  resolved "https://registry.yarnpkg.com/lodash.values/-/lodash.values-4.3.0.tgz#a3a6c2b0ebecc5c2cba1c17e6e620fe81b53d347"

lodash@^4.17.4:
  version "4.17.4"
  resolved "https://registry.yarnpkg.com/lodash/-/lodash-4.17.4.tgz#78203a4d1c328ae1d86dca6460e369b57f4055ae"

merge@1.2.0:
  version "1.2.0"
  resolved "https://registry.yarnpkg.com/merge/-/merge-1.2.0.tgz#7531e39d4949c281a66b8c5a6e0265e8b05894da"

moment-timezone@^0.5.0:
  version "0.5.13"
  resolved "https://registry.yarnpkg.com/moment-timezone/-/moment-timezone-0.5.13.tgz#99ce5c7d827262eb0f1f702044177f60745d7b90"
  dependencies:
    moment ">= 2.9.0"

"moment@>= 2.9.0":
  version "2.18.1"
  resolved "https://registry.yarnpkg.com/moment/-/moment-2.18.1.tgz#c36193dd3ce1c2eed2adb7c802dbbc77a81b1c0f"

ms@2.0.0:
  version "2.0.0"
  resolved "https://registry.yarnpkg.com/ms/-/ms-2.0.0.tgz#5608aeadfc00be6c2901df5f9861788de0d597c8"

object-keys@^1.0.8:
  version "1.0.11"
  resolved "https://registry.yarnpkg.com/object-keys/-/object-keys-1.0.11.tgz#c54601778ad560f1142ce0e01bcca8b56d13426d"

postmark@^1.3.1:
  version "1.4.1"
  resolved "https://registry.yarnpkg.com/postmark/-/postmark-1.4.1.tgz#68240baddc4bce37c68b23478bffbf114bd89f04"
  dependencies:
    merge "1.2.0"

redis-commands@^1.2.0:
  version "1.3.1"
  resolved "https://registry.yarnpkg.com/redis-commands/-/redis-commands-1.3.1.tgz#81d826f45fa9c8b2011f4cd7a0fe597d241d442b"

redis-parser@^2.4.0:
  version "2.6.0"
  resolved "https://registry.yarnpkg.com/redis-parser/-/redis-parser-2.6.0.tgz#52ed09dacac108f1a631c07e9b69941e7a19504b"

rethinkdbdash@^2.3.29:
  version "2.3.31"
  resolved "https://registry.yarnpkg.com/rethinkdbdash/-/rethinkdbdash-2.3.31.tgz#fe2f73d1fa6e6f5d96d8e881292013cf6dca914d"
  dependencies:
    bluebird ">= 3.0.1"

semver@^5.4.1:
  version "5.4.1"
  resolved "https://registry.yarnpkg.com/semver/-/semver-5.4.1.tgz#e059c09d8571f0540823733433505d3a2f00b18e"

source-map-support@^0.4.15:
  version "0.4.16"
  resolved "https://registry.yarnpkg.com/source-map-support/-/source-map-support-0.4.16.tgz#16fecf98212467d017d586a2af68d628b9421cd8"
  dependencies:
    source-map "^0.5.6"

source-map@^0.5.6:
  version "0.5.7"
  resolved "https://registry.yarnpkg.com/source-map/-/source-map-0.5.7.tgz#8a039d2d1021d22d1ea14c80d8ea468ba2ef3fcc"

uuid@^3.1.0:
  version "3.1.0"
  resolved "https://registry.yarnpkg.com/uuid/-/uuid-3.1.0.tgz#3dd3d3e790abc24d7b0d3a034ffababe28ebbc04"
