# THIS IS AN AUTOGENERATED FILE. DO NOT EDIT THIS FILE DIRECTLY.
# yarn lockfile v1


axios@^0.16.2:
  version "0.16.2"
  resolved "https://registry.yarnpkg.com/axios/-/axios-0.16.2.tgz#ba4f92f17167dfbab40983785454b9ac149c3c6d"
  dependencies:
    follow-redirects "^1.2.3"
    is-buffer "^1.1.5"

"bluebird@>= 3.0.1", bluebird@^3.3.4, bluebird@^3.5.0:
  version "3.5.0"
  resolved "https://registry.yarnpkg.com/bluebird/-/bluebird-3.5.0.tgz#791420d7f551eea2897453a8a77653f96606d67c"

bull@^3.0.0-rc.2:
  version "3.0.0-rc.2"
  resolved "https://registry.yarnpkg.com/bull/-/bull-3.0.0-rc.2.tgz#2e1e4cfbabb99cba5b91d68bccd58d0f5906e41e"
  dependencies:
    bluebird "^3.5.0"
    cron-parser "^2.4.0"
    debuglog "^1.0.0"
    ioredis "^3.0.0"
    lodash "^4.17.4"
    semver "^5.3.0"
    uuid "^3.0.1"

cluster-key-slot@^1.0.6:
  version "1.0.8"
  resolved "https://registry.yarnpkg.com/cluster-key-slot/-/cluster-key-slot-1.0.8.tgz#7654556085a65330932a2e8b5976f8e2d0b3e414"

cookie@0.3.1:
  version "0.3.1"
  resolved "https://registry.yarnpkg.com/cookie/-/cookie-0.3.1.tgz#e7e0a1f9ef43b4c8ba925c5c5a96e806d16873bb"

cron-parser@^2.4.0:
  version "2.4.0"
  resolved "https://registry.yarnpkg.com/cron-parser/-/cron-parser-2.4.0.tgz#7c6be0693b90c92c3914fecdae16f88dcef2f437"
  dependencies:
    is-nan "^1.2.1"
    moment-timezone "^0.5.0"

debug@^2.2.0, debug@^2.4.5:
  version "2.6.8"
  resolved "https://registry.yarnpkg.com/debug/-/debug-2.6.8.tgz#e731531ca2ede27d188222427da17821d68ff4fc"
  dependencies:
    ms "2.0.0"

debuglog@^1.0.0:
  version "1.0.1"
  resolved "https://registry.yarnpkg.com/debuglog/-/debuglog-1.0.1.tgz#aa24ffb9ac3df9a2351837cfb2d279360cd78492"

define-properties@^1.1.1:
  version "1.1.2"
  resolved "https://registry.yarnpkg.com/define-properties/-/define-properties-1.1.2.tgz#83a73f2fea569898fb737193c8f873caf6d45c94"
  dependencies:
    foreach "^2.0.5"
    object-keys "^1.0.8"

denque@^1.1.0:
  version "1.1.1"
  resolved "https://registry.yarnpkg.com/denque/-/denque-1.1.1.tgz#10229c2b88eec1bd15ff82c5fde356e7beb6db9e"

flexbuffer@0.0.6:
  version "0.0.6"
  resolved "https://registry.yarnpkg.com/flexbuffer/-/flexbuffer-0.0.6.tgz#039fdf23f8823e440c38f3277e6fef1174215b30"

follow-redirects@^1.2.3:
  version "1.2.4"
  resolved "https://registry.yarnpkg.com/follow-redirects/-/follow-redirects-1.2.4.tgz#355e8f4d16876b43f577b0d5ce2668b9723214ea"
  dependencies:
    debug "^2.4.5"

foreach@^2.0.5:
  version "2.0.5"
  resolved "https://registry.yarnpkg.com/foreach/-/foreach-2.0.5.tgz#0bee005018aeb260d0a3af3ae658dd0136ec1b99"

ioredis@^3.0.0:
  version "3.1.1"
  resolved "https://registry.yarnpkg.com/ioredis/-/ioredis-3.1.1.tgz#cc2f1d3232b8c95cc153046bce168f2baa1186e8"
  dependencies:
    bluebird "^3.3.4"
    cluster-key-slot "^1.0.6"
    debug "^2.2.0"
    denque "^1.1.0"
    flexbuffer "0.0.6"
    lodash "^4.8.2"
    redis-commands "^1.2.0"
    redis-parser "^2.4.0"

is-buffer@^1.1.5:
  version "1.1.5"
  resolved "https://registry.yarnpkg.com/is-buffer/-/is-buffer-1.1.5.tgz#1f3b26ef613b214b88cbca23cc6c01d87961eecc"

is-nan@^1.2.1:
  version "1.2.1"
  resolved "https://registry.yarnpkg.com/is-nan/-/is-nan-1.2.1.tgz#9faf65b6fb6db24b7f5c0628475ea71f988401e2"
  dependencies:
    define-properties "^1.1.1"

json-stringify-safe@5.0.1:
  version "5.0.1"
  resolved "https://registry.yarnpkg.com/json-stringify-safe/-/json-stringify-safe-5.0.1.tgz#1296a2d58fd45f19a0f6ce01d65701e2c735b6eb"

lodash@^4.17.4, lodash@^4.8.2:
  version "4.17.4"
  resolved "https://registry.yarnpkg.com/lodash/-/lodash-4.17.4.tgz#78203a4d1c328ae1d86dca6460e369b57f4055ae"

lsmod@1.0.0:
  version "1.0.0"
  resolved "https://registry.yarnpkg.com/lsmod/-/lsmod-1.0.0.tgz#9a00f76dca36eb23fa05350afe1b585d4299e64b"

moment-timezone@^0.5.0:
  version "0.5.13"
  resolved "https://registry.yarnpkg.com/moment-timezone/-/moment-timezone-0.5.13.tgz#99ce5c7d827262eb0f1f702044177f60745d7b90"
  dependencies:
    moment ">= 2.9.0"

"moment@>= 2.9.0":
  version "2.18.1"
  resolved "https://registry.yarnpkg.com/moment/-/moment-2.18.1.tgz#c36193dd3ce1c2eed2adb7c802dbbc77a81b1c0f"

ms@2.0.0:
  version "2.0.0"
  resolved "https://registry.yarnpkg.com/ms/-/ms-2.0.0.tgz#5608aeadfc00be6c2901df5f9861788de0d597c8"

object-keys@^1.0.8:
  version "1.0.11"
  resolved "https://registry.yarnpkg.com/object-keys/-/object-keys-1.0.11.tgz#c54601778ad560f1142ce0e01bcca8b56d13426d"

raven@^2.1.1:
  version "2.1.1"
  resolved "https://registry.yarnpkg.com/raven/-/raven-2.1.1.tgz#b3a974c6c29315c677c079e168435ead196525cd"
  dependencies:
    cookie "0.3.1"
    json-stringify-safe "5.0.1"
    lsmod "1.0.0"
    stack-trace "0.0.9"
    timed-out "4.0.1"
    uuid "3.0.0"

redis-commands@^1.2.0:
  version "1.3.1"
  resolved "https://registry.yarnpkg.com/redis-commands/-/redis-commands-1.3.1.tgz#81d826f45fa9c8b2011f4cd7a0fe597d241d442b"

redis-parser@^2.4.0:
  version "2.6.0"
  resolved "https://registry.yarnpkg.com/redis-parser/-/redis-parser-2.6.0.tgz#52ed09dacac108f1a631c07e9b69941e7a19504b"

rethinkdbdash@^2.3.29:
  version "2.3.29"
  resolved "https://registry.yarnpkg.com/rethinkdbdash/-/rethinkdbdash-2.3.29.tgz#252e454c89a86783301eb4171959386bdb268c0c"
  dependencies:
    bluebird ">= 3.0.1"

semver@^5.3.0:
  version "5.3.0"
  resolved "https://registry.yarnpkg.com/semver/-/semver-5.3.0.tgz#9b2ce5d3de02d17c6012ad326aa6b4d0cf54f94f"

source-map-support@^0.4.15:
  version "0.4.15"
  resolved "https://registry.yarnpkg.com/source-map-support/-/source-map-support-0.4.15.tgz#03202df65c06d2bd8c7ec2362a193056fef8d3b1"
  dependencies:
    source-map "^0.5.6"

source-map@^0.5.6:
  version "0.5.6"
  resolved "https://registry.yarnpkg.com/source-map/-/source-map-0.5.6.tgz#75ce38f52bf0733c5a7f0c118d81334a2bb5f412"

stack-trace@0.0.9:
  version "0.0.9"
  resolved "https://registry.yarnpkg.com/stack-trace/-/stack-trace-0.0.9.tgz#a8f6eaeca90674c333e7c43953f275b451510695"

timed-out@4.0.1:
  version "4.0.1"
  resolved "https://registry.yarnpkg.com/timed-out/-/timed-out-4.0.1.tgz#f32eacac5a175bea25d7fab565ab3ed8741ef56f"

uuid@3.0.0:
  version "3.0.0"
  resolved "https://registry.yarnpkg.com/uuid/-/uuid-3.0.0.tgz#6728fc0459c450d796a99c31837569bdf672d728"

uuid@^3.0.1:
  version "3.0.1"
  resolved "https://registry.yarnpkg.com/uuid/-/uuid-3.0.1.tgz#6544bba2dfda8c1cf17e629a3a305e2bb1fee6c1"
